
Microsoft Visual Studio Solution File, Format Version 12.00
# Visual Studio Version 16
VisualStudioVersion = 16.0.28902.138
MinimumVisualStudioVersion = 10.0.40219.1
Project("{8BC9CEB8-8B4A-11D0-8D11-00A0C91BC942}") = "Cavapa", "Cavapa\Cavapa.vcxproj", "{CE3E41E4-473D-42E8-A479-7F5108DD3DA7}"
EndProject
Project("{8BC9CEB8-8B4A-11D0-8D11-00A0C91BC942}") = "DataConverterCpp", "DataConverterCpp\DataConverterCpp.vcxproj", "{C216E08F-7DCE-4708-B61B-24D7B6821B35}"
EndProject
Project("{FAE04EC0-301F-11D3-BF4B-00C04F79EFBC}") = "DataViewer", "DataViewer\DataViewer.csproj", "{8E99B1AA-27FD-47ED-867F-CB6EBDEECC81}"
EndProject
Project("{FAE04EC0-301F-11D3-BF4B-00C04F79EFBC}") = "Cavapa_dotNet_Prototype", "Cavapa_dotNet_Prototype\Cavapa_dotNet_Prototype.csproj", "{D8DA2CDA-67E6-4EF1-8080-96A029B4B790}"
EndProject
Project("{9A19103F-16F7-4668-BE54-9A1E7A4F7556}") = "Cavapa_dotNet_Batch_Processor", "Cavapa_dotNet_Batch_Processor\Cavapa_dotNet_Batch_Processor.csproj", "{9BE3303A-5857-434B-874D-EAA350244EF8}"
EndProject
Project("{FAE04EC0-301F-11D3-BF4B-00C04F79EFBC}") = "Cavapa_Observation_Score", "Cavapa_Observation_Score\Cavapa_Observation_Score.csproj", "{598EA8B8-E9C5-4179-A9A1-80175EC31B4D}"
EndProject
Global
	GlobalSection(SolutionConfigurationPlatforms) = preSolution
		Debug|Any CPU = Debug|Any CPU
		Debug|x64 = Debug|x64
		Debug|x86 = Debug|x86
		Release|Any CPU = Release|Any CPU
		Release|x64 = Release|x64
		Release|x86 = Release|x86
	EndGlobalSection
	GlobalSection(ProjectConfigurationPlatforms) = postSolution
		{CE3E41E4-473D-42E8-A479-7F5108DD3DA7}.Debug|Any CPU.ActiveCfg = Debug|Win32
		{CE3E41E4-473D-42E8-A479-7F5108DD3DA7}.Debug|x64.ActiveCfg = Debug|x64
		{CE3E41E4-473D-42E8-A479-7F5108DD3DA7}.Debug|x64.Build.0 = Debug|x64
		{CE3E41E4-473D-42E8-A479-7F5108DD3DA7}.Debug|x86.ActiveCfg = Debug|Win32
		{CE3E41E4-473D-42E8-A479-7F5108DD3DA7}.Debug|x86.Build.0 = Debug|Win32
		{CE3E41E4-473D-42E8-A479-7F5108DD3DA7}.Release|Any CPU.ActiveCfg = Release|Win32
		{CE3E41E4-473D-42E8-A479-7F5108DD3DA7}.Release|x64.ActiveCfg = Release|x64
		{CE3E41E4-473D-42E8-A479-7F5108DD3DA7}.Release|x64.Build.0 = Release|x64
		{CE3E41E4-473D-42E8-A479-7F5108DD3DA7}.Release|x86.ActiveCfg = Release|Win32
		{CE3E41E4-473D-42E8-A479-7F5108DD3DA7}.Release|x86.Build.0 = Release|Win32
		{C216E08F-7DCE-4708-B61B-24D7B6821B35}.Debug|Any CPU.ActiveCfg = Debug|Win32
		{C216E08F-7DCE-4708-B61B-24D7B6821B35}.Debug|x64.ActiveCfg = Debug|x64
		{C216E08F-7DCE-4708-B61B-24D7B6821B35}.Debug|x64.Build.0 = Debug|x64
		{C216E08F-7DCE-4708-B61B-24D7B6821B35}.Debug|x86.ActiveCfg = Debug|Win32
		{C216E08F-7DCE-4708-B61B-24D7B6821B35}.Debug|x86.Build.0 = Debug|Win32
		{C216E08F-7DCE-4708-B61B-24D7B6821B35}.Release|Any CPU.ActiveCfg = Release|Win32
		{C216E08F-7DCE-4708-B61B-24D7B6821B35}.Release|x64.ActiveCfg = Release|x64
		{C216E08F-7DCE-4708-B61B-24D7B6821B35}.Release|x64.Build.0 = Release|x64
		{C216E08F-7DCE-4708-B61B-24D7B6821B35}.Release|x86.ActiveCfg = Release|Win32
		{C216E08F-7DCE-4708-B61B-24D7B6821B35}.Release|x86.Build.0 = Release|Win32
		{8E99B1AA-27FD-47ED-867F-CB6EBDEECC81}.Debug|Any CPU.ActiveCfg = Debug|Any CPU
		{8E99B1AA-27FD-47ED-867F-CB6EBDEECC81}.Debug|Any CPU.Build.0 = Debug|Any CPU
		{8E99B1AA-27FD-47ED-867F-CB6EBDEECC81}.Debug|x64.ActiveCfg = Debug|Any CPU
		{8E99B1AA-27FD-47ED-867F-CB6EBDEECC81}.Debug|x64.Build.0 = Debug|Any CPU
		{8E99B1AA-27FD-47ED-867F-CB6EBDEECC81}.Debug|x86.ActiveCfg = Debug|Any CPU
		{8E99B1AA-27FD-47ED-867F-CB6EBDEECC81}.Debug|x86.Build.0 = Debug|Any CPU
		{8E99B1AA-27FD-47ED-867F-CB6EBDEECC81}.Release|Any CPU.ActiveCfg = Release|Any CPU
		{8E99B1AA-27FD-47ED-867F-CB6EBDEECC81}.Release|Any CPU.Build.0 = Release|Any CPU
		{8E99B1AA-27FD-47ED-867F-CB6EBDEECC81}.Release|x64.ActiveCfg = Release|Any CPU
		{8E99B1AA-27FD-47ED-867F-CB6EBDEECC81}.Release|x64.Build.0 = Release|Any CPU
		{8E99B1AA-27FD-47ED-867F-CB6EBDEECC81}.Release|x86.ActiveCfg = Release|Any CPU
		{8E99B1AA-27FD-47ED-867F-CB6EBDEECC81}.Release|x86.Build.0 = Release|Any CPU
		{D8DA2CDA-67E6-4EF1-8080-96A029B4B790}.Debug|Any CPU.ActiveCfg = Debug|Any CPU
		{D8DA2CDA-67E6-4EF1-8080-96A029B4B790}.Debug|Any CPU.Build.0 = Debug|Any CPU
		{D8DA2CDA-67E6-4EF1-8080-96A029B4B790}.Debug|x64.ActiveCfg = Debug|Any CPU
		{D8DA2CDA-67E6-4EF1-8080-96A029B4B790}.Debug|x64.Build.0 = Debug|Any CPU
		{D8DA2CDA-67E6-4EF1-8080-96A029B4B790}.Debug|x86.ActiveCfg = Debug|Any CPU
		{D8DA2CDA-67E6-4EF1-8080-96A029B4B790}.Debug|x86.Build.0 = Debug|Any CPU
		{D8DA2CDA-67E6-4EF1-8080-96A029B4B790}.Release|Any CPU.ActiveCfg = Release|Any CPU
		{D8DA2CDA-67E6-4EF1-8080-96A029B4B790}.Release|Any CPU.Build.0 = Release|Any CPU
		{D8DA2CDA-67E6-4EF1-8080-96A029B4B790}.Release|x64.ActiveCfg = Release|Any CPU
		{D8DA2CDA-67E6-4EF1-8080-96A029B4B790}.Release|x64.Build.0 = Release|Any CPU
		{D8DA2CDA-67E6-4EF1-8080-96A029B4B790}.Release|x86.ActiveCfg = Release|Any CPU
		{D8DA2CDA-67E6-4EF1-8080-96A029B4B790}.Release|x86.Build.0 = Release|Any CPU
		{9BE3303A-5857-434B-874D-EAA350244EF8}.Debug|Any CPU.ActiveCfg = Debug|Any CPU
		{9BE3303A-5857-434B-874D-EAA350244EF8}.Debug|Any CPU.Build.0 = Debug|Any CPU
		{9BE3303A-5857-434B-874D-EAA350244EF8}.Debug|x64.ActiveCfg = Debug|Any CPU
		{9BE3303A-5857-434B-874D-EAA350244EF8}.Debug|x64.Build.0 = Debug|Any CPU
		{9BE3303A-5857-434B-874D-EAA350244EF8}.Debug|x86.ActiveCfg = Debug|Any CPU
		{9BE3303A-5857-434B-874D-EAA350244EF8}.Debug|x86.Build.0 = Debug|Any CPU
		{9BE3303A-5857-434B-874D-EAA350244EF8}.Release|Any CPU.ActiveCfg = Release|Any CPU
		{9BE3303A-5857-434B-874D-EAA350244EF8}.Release|Any CPU.Build.0 = Release|Any CPU
		{9BE3303A-5857-434B-874D-EAA350244EF8}.Release|x64.ActiveCfg = Release|Any CPU
		{9BE3303A-5857-434B-874D-EAA350244EF8}.Release|x64.Build.0 = Release|Any CPU
		{9BE3303A-5857-434B-874D-EAA350244EF8}.Release|x86.ActiveCfg = Release|Any CPU
		{9BE3303A-5857-434B-874D-EAA350244EF8}.Release|x86.Build.0 = Release|Any CPU
		{598EA8B8-E9C5-4179-A9A1-80175EC31B4D}.Debug|Any CPU.ActiveCfg = Debug|Any CPU
		{598EA8B8-E9C5-4179-A9A1-80175EC31B4D}.Debug|Any CPU.Build.0 = Debug|Any CPU
		{598EA8B8-E9C5-4179-A9A1-80175EC31B4D}.Debug|x64.ActiveCfg = Debug|Any CPU
		{598EA8B8-E9C5-4179-A9A1-80175EC31B4D}.Debug|x64.Build.0 = Debug|Any CPU
		{598EA8B8-E9C5-4179-A9A1-80175EC31B4D}.Debug|x86.ActiveCfg = Debug|Any CPU
		{598EA8B8-E9C5-4179-A9A1-80175EC31B4D}.Debug|x86.Build.0 = Debug|Any CPU
		{598EA8B8-E9C5-4179-A9A1-80175EC31B4D}.Release|Any CPU.ActiveCfg = Release|Any CPU
		{598EA8B8-E9C5-4179-A9A1-80175EC31B4D}.Release|Any CPU.Build.0 = Release|Any CPU
		{598EA8B8-E9C5-4179-A9A1-80175EC31B4D}.Release|x64.ActiveCfg = Release|x64
		{598EA8B8-E9C5-4179-A9A1-80175EC31B4D}.Release|x64.Build.0 = Release|x64
		{598EA8B8-E9C5-4179-A9A1-80175EC31B4D}.Release|x86.ActiveCfg = Release|Any CPU
		{598EA8B8-E9C5-4179-A9A1-80175EC31B4D}.Release|x86.Build.0 = Release|Any CPU
	EndGlobalSection
	GlobalSection(SolutionProperties) = preSolution
		HideSolutionNode = FALSE
	EndGlobalSection
	GlobalSection(ExtensibilityGlobals) = postSolution
		SolutionGuid = {14A44FE1-FA07-4BD1-9FF3-CEE4561709F3}
	EndGlobalSection
EndGlobal
